// !$*UTF8*$!
{
	archiveVersion = 1;
	classes = {
	};
	objectVersion = 51;
	objects = {

/* Begin PBXBuildFile section */
		6DF3EE1856E3EAAB33DF227E /* Pods_ChatMobile.framework in Frameworks */ = {isa = PBXBuildFile; fileRef = 6D922B91CBD7FBD222CC7113 /* Pods_ChatMobile.framework */; };
		EC321755268315C8000BB632 /* AppDelegate.swift in Sources */ = {isa = PBXBuildFile; fileRef = EC321754268315C8000BB632 /* AppDelegate.swift */; };
		EC321757268315C8000BB632 /* SceneDelegate.swift in Sources */ = {isa = PBXBuildFile; fileRef = EC321756268315C8000BB632 /* SceneDelegate.swift */; };
		EC32175E268315C8000BB632 /* Assets.xcassets in Resources */ = {isa = PBXBuildFile; fileRef = EC32175D268315C8000BB632 /* Assets.xcassets */; };
		EC321761268315C8000BB632 /* LaunchScreen.storyboard in Resources */ = {isa = PBXBuildFile; fileRef = EC32175F268315C8000BB632 /* LaunchScreen.storyboard */; };
		EC32176D268315F4000BB632 /* FriendsCell.xib in Resources */ = {isa = PBXBuildFile; fileRef = EC32176B268315F4000BB632 /* FriendsCell.xib */; };
		EC32176E268315F4000BB632 /* FriendsCell.swift in Sources */ = {isa = PBXBuildFile; fileRef = EC32176C268315F4000BB632 /* FriendsCell.swift */; };
		EC32177826831615000BB632 /* Friend.swift in Sources */ = {isa = PBXBuildFile; fileRef = EC32177226831615000BB632 /* Friend.swift */; };
		EC32177926831615000BB632 /* MessageModel.swift in Sources */ = {isa = PBXBuildFile; fileRef = EC32177326831615000BB632 /* MessageModel.swift */; };
		EC32177A26831615000BB632 /* RSAKeyPair.swift in Sources */ = {isa = PBXBuildFile; fileRef = EC32177426831615000BB632 /* RSAKeyPair.swift */; };
		EC32177B26831615000BB632 /* AESKeyModel.swift in Sources */ = {isa = PBXBuildFile; fileRef = EC32177526831615000BB632 /* AESKeyModel.swift */; };
		EC32177C26831615000BB632 /* WebSocketNetwork.swift in Sources */ = {isa = PBXBuildFile; fileRef = EC32177626831615000BB632 /* WebSocketNetwork.swift */; };
		EC32177D26831615000BB632 /* ChatUser.swift in Sources */ = {isa = PBXBuildFile; fileRef = EC32177726831615000BB632 /* ChatUser.swift */; };
		EC3217822683161F000BB632 /* ViewController.swift in Sources */ = {isa = PBXBuildFile; fileRef = EC32177F2683161F000BB632 /* ViewController.swift */; };
		EC3217832683161F000BB632 /* TextTestView.swift in Sources */ = {isa = PBXBuildFile; fileRef = EC3217802683161F000BB632 /* TextTestView.swift */; };
		EC3217842683161F000BB632 /* FriendsView.swift in Sources */ = {isa = PBXBuildFile; fileRef = EC3217812683161F000BB632 /* FriendsView.swift */; };
		EC3217862683185A000BB632 /* Main.storyboard in Resources */ = {isa = PBXBuildFile; fileRef = EC3217852683185A000BB632 /* Main.storyboard */; };
		EC3217882689CD24000BB632 /* KeyChain.swift in Sources */ = {isa = PBXBuildFile; fileRef = EC3217872689CD24000BB632 /* KeyChain.swift */; };
		EC32178A268A9BFF000BB632 /* DataRetrieving.swift in Sources */ = {isa = PBXBuildFile; fileRef = EC321789268A9BFF000BB632 /* DataRetrieving.swift */; };
		EC5357FF26997AA20029383B /* UserRest.swift in Sources */ = {isa = PBXBuildFile; fileRef = EC5357FE26997AA20029383B /* UserRest.swift */; };
		EC535801269AE2640029383B /* ChatUserRest.swift in Sources */ = {isa = PBXBuildFile; fileRef = EC535800269AE2640029383B /* ChatUserRest.swift */; };
		EC535803269AE4330029383B /* FriendAPI.swift in Sources */ = {isa = PBXBuildFile; fileRef = EC535802269AE4330029383B /* FriendAPI.swift */; };
		ECC124232691908200B17ABF /* PhotoProcess.swift in Sources */ = {isa = PBXBuildFile; fileRef = ECC124222691908200B17ABF /* PhotoProcess.swift */; };
		ECD0FDCB26AC43880049FEF0 /* MessageRest.swift in Sources */ = {isa = PBXBuildFile; fileRef = ECD0FDCA26AC43880049FEF0 /* MessageRest.swift */; };
/* End PBXBuildFile section */

/* Begin PBXFileReference section */
		6A62926FF41D3C01443AEF8B /* Pods-ChatMobile.debug.xcconfig */ = {isa = PBXFileReference; includeInIndex = 1; lastKnownFileType = text.xcconfig; name = "Pods-ChatMobile.debug.xcconfig"; path = "Target Support Files/Pods-ChatMobile/Pods-ChatMobile.debug.xcconfig"; sourceTree = "<group>"; };
		6D922B91CBD7FBD222CC7113 /* Pods_ChatMobile.framework */ = {isa = PBXFileReference; explicitFileType = wrapper.framework; includeInIndex = 0; path = Pods_ChatMobile.framework; sourceTree = BUILT_PRODUCTS_DIR; };
		BC3917CCA0C3B4DFFDDBB9DE /* Pods-ChatMobile.release.xcconfig */ = {isa = PBXFileReference; includeInIndex = 1; lastKnownFileType = text.xcconfig; name = "Pods-ChatMobile.release.xcconfig"; path = "Target Support Files/Pods-ChatMobile/Pods-ChatMobile.release.xcconfig"; sourceTree = "<group>"; };
		EC321751268315C8000BB632 /* ChatMobile.app */ = {isa = PBXFileReference; explicitFileType = wrapper.application; includeInIndex = 0; path = ChatMobile.app; sourceTree = BUILT_PRODUCTS_DIR; };
		EC321754268315C8000BB632 /* AppDelegate.swift */ = {isa = PBXFileReference; lastKnownFileType = sourcecode.swift; path = AppDelegate.swift; sourceTree = "<group>"; };
		EC321756268315C8000BB632 /* SceneDelegate.swift */ = {isa = PBXFileReference; lastKnownFileType = sourcecode.swift; path = SceneDelegate.swift; sourceTree = "<group>"; };
		EC32175D268315C8000BB632 /* Assets.xcassets */ = {isa = PBXFileReference; lastKnownFileType = folder.assetcatalog; path = Assets.xcassets; sourceTree = "<group>"; };
		EC321760268315C8000BB632 /* Base */ = {isa = PBXFileReference; lastKnownFileType = file.storyboard; name = Base; path = Base.lproj/LaunchScreen.storyboard; sourceTree = "<group>"; };
		EC321762268315C8000BB632 /* Info.plist */ = {isa = PBXFileReference; lastKnownFileType = text.plist.xml; path = Info.plist; sourceTree = "<group>"; };
		EC32176B268315F4000BB632 /* FriendsCell.xib */ = {isa = PBXFileReference; fileEncoding = 4; lastKnownFileType = file.xib; path = FriendsCell.xib; sourceTree = "<group>"; };
		EC32176C268315F4000BB632 /* FriendsCell.swift */ = {isa = PBXFileReference; fileEncoding = 4; lastKnownFileType = sourcecode.swift; path = FriendsCell.swift; sourceTree = "<group>"; };
		EC32177226831615000BB632 /* Friend.swift */ = {isa = PBXFileReference; fileEncoding = 4; lastKnownFileType = sourcecode.swift; path = Friend.swift; sourceTree = "<group>"; };
		EC32177326831615000BB632 /* MessageModel.swift */ = {isa = PBXFileReference; fileEncoding = 4; lastKnownFileType = sourcecode.swift; path = MessageModel.swift; sourceTree = "<group>"; };
		EC32177426831615000BB632 /* RSAKeyPair.swift */ = {isa = PBXFileReference; fileEncoding = 4; lastKnownFileType = sourcecode.swift; path = RSAKeyPair.swift; sourceTree = "<group>"; };
		EC32177526831615000BB632 /* AESKeyModel.swift */ = {isa = PBXFileReference; fileEncoding = 4; lastKnownFileType = sourcecode.swift; path = AESKeyModel.swift; sourceTree = "<group>"; };
		EC32177626831615000BB632 /* WebSocketNetwork.swift */ = {isa = PBXFileReference; fileEncoding = 4; lastKnownFileType = sourcecode.swift; path = WebSocketNetwork.swift; sourceTree = "<group>"; };
		EC32177726831615000BB632 /* ChatUser.swift */ = {isa = PBXFileReference; fileEncoding = 4; lastKnownFileType = sourcecode.swift; path = ChatUser.swift; sourceTree = "<group>"; };
		EC32177F2683161F000BB632 /* ViewController.swift */ = {isa = PBXFileReference; fileEncoding = 4; lastKnownFileType = sourcecode.swift; path = ViewController.swift; sourceTree = "<group>"; };
		EC3217802683161F000BB632 /* TextTestView.swift */ = {isa = PBXFileReference; fileEncoding = 4; lastKnownFileType = sourcecode.swift; path = TextTestView.swift; sourceTree = "<group>"; };
		EC3217812683161F000BB632 /* FriendsView.swift */ = {isa = PBXFileReference; fileEncoding = 4; lastKnownFileType = sourcecode.swift; path = FriendsView.swift; sourceTree = "<group>"; };
		EC3217852683185A000BB632 /* Main.storyboard */ = {isa = PBXFileReference; fileEncoding = 4; lastKnownFileType = file.storyboard; path = Main.storyboard; sourceTree = "<group>"; };
		EC3217872689CD24000BB632 /* KeyChain.swift */ = {isa = PBXFileReference; lastKnownFileType = sourcecode.swift; path = KeyChain.swift; sourceTree = "<group>"; };
		EC321789268A9BFF000BB632 /* DataRetrieving.swift */ = {isa = PBXFileReference; lastKnownFileType = sourcecode.swift; path = DataRetrieving.swift; sourceTree = "<group>"; };
		EC5357FE26997AA20029383B /* UserRest.swift */ = {isa = PBXFileReference; lastKnownFileType = sourcecode.swift; path = UserRest.swift; sourceTree = "<group>"; };
		EC535800269AE2640029383B /* ChatUserRest.swift */ = {isa = PBXFileReference; lastKnownFileType = sourcecode.swift; path = ChatUserRest.swift; sourceTree = "<group>"; };
		EC535802269AE4330029383B /* FriendAPI.swift */ = {isa = PBXFileReference; lastKnownFileType = sourcecode.swift; path = FriendAPI.swift; sourceTree = "<group>"; };
		ECC124222691908200B17ABF /* PhotoProcess.swift */ = {isa = PBXFileReference; lastKnownFileType = sourcecode.swift; path = PhotoProcess.swift; sourceTree = "<group>"; };
		ECD0FDCA26AC43880049FEF0 /* MessageRest.swift */ = {isa = PBXFileReference; lastKnownFileType = sourcecode.swift; path = MessageRest.swift; sourceTree = "<group>"; };
/* End PBXFileReference section */

/* Begin PBXFrameworksBuildPhase section */
		EC32174E268315C8000BB632 /* Frameworks */ = {
			isa = PBXFrameworksBuildPhase;
			buildActionMask = 2147483647;
			files = (
				6DF3EE1856E3EAAB33DF227E /* Pods_ChatMobile.framework in Frameworks */,
			);
			runOnlyForDeploymentPostprocessing = 0;
		};
/* End PBXFrameworksBuildPhase section */

/* Begin PBXGroup section */
		7C6E6C0B391BFF6ACFC98C6B /* Frameworks */ = {
			isa = PBXGroup;
			children = (
				6D922B91CBD7FBD222CC7113 /* Pods_ChatMobile.framework */,
			);
			name = Frameworks;
			sourceTree = "<group>";
		};
		A3A1DB24E1A9318DE0AD2AF0 /* Pods */ = {
			isa = PBXGroup;
			children = (
				6A62926FF41D3C01443AEF8B /* Pods-ChatMobile.debug.xcconfig */,
				BC3917CCA0C3B4DFFDDBB9DE /* Pods-ChatMobile.release.xcconfig */,
			);
			path = Pods;
			sourceTree = "<group>";
		};
		EC321748268315C8000BB632 = {
			isa = PBXGroup;
			children = (
				EC321753268315C8000BB632 /* ChatMobile */,
				EC321752268315C8000BB632 /* Products */,
				A3A1DB24E1A9318DE0AD2AF0 /* Pods */,
				7C6E6C0B391BFF6ACFC98C6B /* Frameworks */,
			);
			sourceTree = "<group>";
		};
		EC321752268315C8000BB632 /* Products */ = {
			isa = PBXGroup;
			children = (
				EC321751268315C8000BB632 /* ChatMobile.app */,
			);
			name = Products;
			sourceTree = "<group>";
		};
		EC321753268315C8000BB632 /* ChatMobile */ = {
			isa = PBXGroup;
			children = (
				EC5357FD26997A730029383B /* RestController */,
				EC32177E2683161F000BB632 /* Controller */,
				EC32177126831615000BB632 /* Model */,
				EC32176A268315F4000BB632 /* Views */,
				EC321754268315C8000BB632 /* AppDelegate.swift */,
				EC321756268315C8000BB632 /* SceneDelegate.swift */,
				EC3217852683185A000BB632 /* Main.storyboard */,
				EC32175D268315C8000BB632 /* Assets.xcassets */,
				EC32175F268315C8000BB632 /* LaunchScreen.storyboard */,
				EC321762268315C8000BB632 /* Info.plist */,
			);
			path = ChatMobile;
			sourceTree = "<group>";
		};
		EC32176A268315F4000BB632 /* Views */ = {
			isa = PBXGroup;
			children = (
				EC32176B268315F4000BB632 /* FriendsCell.xib */,
				EC32176C268315F4000BB632 /* FriendsCell.swift */,
			);
			path = Views;
			sourceTree = "<group>";
		};
		EC32177126831615000BB632 /* Model */ = {
			isa = PBXGroup;
			children = (
				EC32177226831615000BB632 /* Friend.swift */,
				EC32177326831615000BB632 /* MessageModel.swift */,
				EC32177426831615000BB632 /* RSAKeyPair.swift */,
				EC32177526831615000BB632 /* AESKeyModel.swift */,
				EC32177626831615000BB632 /* WebSocketNetwork.swift */,
				EC32177726831615000BB632 /* ChatUser.swift */,
				EC3217872689CD24000BB632 /* KeyChain.swift */,
				EC321789268A9BFF000BB632 /* DataRetrieving.swift */,
				ECC124222691908200B17ABF /* PhotoProcess.swift */,
			);
			path = Model;
			sourceTree = "<group>";
		};
		EC32177E2683161F000BB632 /* Controller */ = {
			isa = PBXGroup;
			children = (
				EC32177F2683161F000BB632 /* ViewController.swift */,
				EC3217802683161F000BB632 /* TextTestView.swift */,
				EC3217812683161F000BB632 /* FriendsView.swift */,
			);
			path = Controller;
			sourceTree = "<group>";
		};
		EC5357FD26997A730029383B /* RestController */ = {
			isa = PBXGroup;
			children = (
				EC535800269AE2640029383B /* ChatUserRest.swift */,
				EC535802269AE4330029383B /* FriendAPI.swift */,
				EC5357FE26997AA20029383B /* UserRest.swift */,
				ECD0FDCA26AC43880049FEF0 /* MessageRest.swift */,
			);
			path = RestController;
			sourceTree = "<group>";
		};
/* End PBXGroup section */

/* Begin PBXNativeTarget section */
		EC321750268315C8000BB632 /* ChatMobile */ = {
			isa = PBXNativeTarget;
			buildConfigurationList = EC321765268315C8000BB632 /* Build configuration list for PBXNativeTarget "ChatMobile" */;
			buildPhases = (
				6B68EE7CB6ED45B25321E57D /* [CP] Check Pods Manifest.lock */,
				EC32174D268315C8000BB632 /* Sources */,
				EC32174E268315C8000BB632 /* Frameworks */,
				EC32174F268315C8000BB632 /* Resources */,
				9A7CDB11FE0155674F3927C9 /* [CP] Embed Pods Frameworks */,
			);
			buildRules = (
			);
			dependencies = (
			);
			name = ChatMobile;
			productName = ChatMobile;
			productReference = EC321751268315C8000BB632 /* ChatMobile.app */;
			productType = "com.apple.product-type.application";
		};
/* End PBXNativeTarget section */

/* Begin PBXProject section */
		EC321749268315C8000BB632 /* Project object */ = {
			isa = PBXProject;
			attributes = {
				LastSwiftUpdateCheck = 1250;
				LastUpgradeCheck = 1250;
				TargetAttributes = {
					EC321750268315C8000BB632 = {
						CreatedOnToolsVersion = 12.5.1;
					};
				};
			};
			buildConfigurationList = EC32174C268315C8000BB632 /* Build configuration list for PBXProject "ChatMobile" */;
			compatibilityVersion = "Xcode 9.3";
			developmentRegion = en;
			hasScannedForEncodings = 0;
			knownRegions = (
				en,
				Base,
			);
			mainGroup = EC321748268315C8000BB632;
			productRefGroup = EC321752268315C8000BB632 /* Products */;
			projectDirPath = "";
			projectRoot = "";
			targets = (
				EC321750268315C8000BB632 /* ChatMobile */,
			);
		};
/* End PBXProject section */

/* Begin PBXResourcesBuildPhase section */
		EC32174F268315C8000BB632 /* Resources */ = {
			isa = PBXResourcesBuildPhase;
			buildActionMask = 2147483647;
			files = (
				EC321761268315C8000BB632 /* LaunchScreen.storyboard in Resources */,
				EC3217862683185A000BB632 /* Main.storyboard in Resources */,
				EC32175E268315C8000BB632 /* Assets.xcassets in Resources */,
				EC32176D268315F4000BB632 /* FriendsCell.xib in Resources */,
			);
			runOnlyForDeploymentPostprocessing = 0;
		};
/* End PBXResourcesBuildPhase section */

/* Begin PBXShellScriptBuildPhase section */
		6B68EE7CB6ED45B25321E57D /* [CP] Check Pods Manifest.lock */ = {
			isa = PBXShellScriptBuildPhase;
			buildActionMask = 2147483647;
			files = (
			);
			inputFileListPaths = (
			);
			inputPaths = (
				"${PODS_PODFILE_DIR_PATH}/Podfile.lock",
				"${PODS_ROOT}/Manifest.lock",
			);
			name = "[CP] Check Pods Manifest.lock";
			outputFileListPaths = (
			);
			outputPaths = (
				"$(DERIVED_FILE_DIR)/Pods-ChatMobile-checkManifestLockResult.txt",
			);
			runOnlyForDeploymentPostprocessing = 0;
			shellPath = /bin/sh;
			shellScript = "diff \"${PODS_PODFILE_DIR_PATH}/Podfile.lock\" \"${PODS_ROOT}/Manifest.lock\" > /dev/null\nif [ $? != 0 ] ; then\n    # print error to STDERR\n    echo \"error: The sandbox is not in sync with the Podfile.lock. Run 'pod install' or update your CocoaPods installation.\" >&2\n    exit 1\nfi\n# This output is used by Xcode 'outputs' to avoid re-running this script phase.\necho \"SUCCESS\" > \"${SCRIPT_OUTPUT_FILE_0}\"\n";
			showEnvVarsInLog = 0;
		};
		9A7CDB11FE0155674F3927C9 /* [CP] Embed Pods Frameworks */ = {
			isa = PBXShellScriptBuildPhase;
			buildActionMask = 2147483647;
			files = (
			);
			inputFileListPaths = (
				"${PODS_ROOT}/Target Support Files/Pods-ChatMobile/Pods-ChatMobile-frameworks-${CONFIGURATION}-input-files.xcfilelist",
			);
			name = "[CP] Embed Pods Frameworks";
			outputFileListPaths = (
				"${PODS_ROOT}/Target Support Files/Pods-ChatMobile/Pods-ChatMobile-frameworks-${CONFIGURATION}-output-files.xcfilelist",
			);
			runOnlyForDeploymentPostprocessing = 0;
			shellPath = /bin/sh;
			shellScript = "\"${PODS_ROOT}/Target Support Files/Pods-ChatMobile/Pods-ChatMobile-frameworks.sh\"\n";
			showEnvVarsInLog = 0;
		};
/* End PBXShellScriptBuildPhase section */

/* Begin PBXSourcesBuildPhase section */
		EC32174D268315C8000BB632 /* Sources */ = {
			isa = PBXSourcesBuildPhase;
			buildActionMask = 2147483647;
			files = (
				EC3217832683161F000BB632 /* TextTestView.swift in Sources */,
				EC32177C26831615000BB632 /* WebSocketNetwork.swift in Sources */,
				EC32178A268A9BFF000BB632 /* DataRetrieving.swift in Sources */,
				EC32177926831615000BB632 /* MessageModel.swift in Sources */,
				EC321755268315C8000BB632 /* AppDelegate.swift in Sources */,
				EC535801269AE2640029383B /* ChatUserRest.swift in Sources */,
				EC3217822683161F000BB632 /* ViewController.swift in Sources */,
				EC5357FF26997AA20029383B /* UserRest.swift in Sources */,
				EC32177D26831615000BB632 /* ChatUser.swift in Sources */,
				EC321757268315C8000BB632 /* SceneDelegate.swift in Sources */,
				EC535803269AE4330029383B /* FriendAPI.swift in Sources */,
				EC32177826831615000BB632 /* Friend.swift in Sources */,
				EC32177A26831615000BB632 /* RSAKeyPair.swift in Sources */,
				EC32176E268315F4000BB632 /* FriendsCell.swift in Sources */,
				EC32177B26831615000BB632 /* AESKeyModel.swift in Sources */,
				EC3217842683161F000BB632 /* FriendsView.swift in Sources */,
				EC3217882689CD24000BB632 /* KeyChain.swift in Sources */,
				ECC124232691908200B17ABF /* PhotoProcess.swift in Sources */,
				ECD0FDCB26AC43880049FEF0 /* MessageRest.swift in Sources */,
			);
			runOnlyForDeploymentPostprocessing = 0;
		};
/* End PBXSourcesBuildPhase section */

/* Begin PBXVariantGroup section */
		EC32175F268315C8000BB632 /* LaunchScreen.storyboard */ = {
			isa = PBXVariantGroup;
			children = (
				EC321760268315C8000BB632 /* Base */,
			);
			name = LaunchScreen.storyboard;
			sourceTree = "<group>";
		};
/* End PBXVariantGroup section */

/* Begin XCBuildConfiguration section */
		EC321763268315C8000BB632 /* Debug */ = {
			isa = XCBuildConfiguration;
			buildSettings = {
				ALWAYS_SEARCH_USER_PATHS = NO;
				CLANG_ANALYZER_NONNULL = YES;
				CLANG_ANALYZER_NUMBER_OBJECT_CONVERSION = YES_AGGRESSIVE;
				CLANG_CXX_LANGUAGE_STANDARD = "gnu++14";
				CLANG_CXX_LIBRARY = "libc++";
				CLANG_ENABLE_MODULES = YES;
				CLANG_ENABLE_OBJC_ARC = YES;
				CLANG_ENABLE_OBJC_WEAK = YES;
				CLANG_WARN_BLOCK_CAPTURE_AUTORELEASING = YES;
				CLANG_WARN_BOOL_CONVERSION = YES;
				CLANG_WARN_COMMA = YES;
				CLANG_WARN_CONSTANT_CONVERSION = YES;
				CLANG_WARN_DEPRECATED_OBJC_IMPLEMENTATIONS = YES;
				CLANG_WARN_DIRECT_OBJC_ISA_USAGE = YES_ERROR;
				CLANG_WARN_DOCUMENTATION_COMMENTS = YES;
				CLANG_WARN_EMPTY_BODY = YES;
				CLANG_WARN_ENUM_CONVERSION = YES;
				CLANG_WARN_INFINITE_RECURSION = YES;
				CLANG_WARN_INT_CONVERSION = YES;
				CLANG_WARN_NON_LITERAL_NULL_CONVERSION = YES;
				CLANG_WARN_OBJC_IMPLICIT_RETAIN_SELF = YES;
				CLANG_WARN_OBJC_LITERAL_CONVERSION = YES;
				CLANG_WARN_OBJC_ROOT_CLASS = YES_ERROR;
				CLANG_WARN_QUOTED_INCLUDE_IN_FRAMEWORK_HEADER = YES;
				CLANG_WARN_RANGE_LOOP_ANALYSIS = YES;
				CLANG_WARN_STRICT_PROTOTYPES = YES;
				CLANG_WARN_SUSPICIOUS_MOVE = YES;
				CLANG_WARN_UNGUARDED_AVAILABILITY = YES_AGGRESSIVE;
				CLANG_WARN_UNREACHABLE_CODE = YES;
				CLANG_WARN__DUPLICATE_METHOD_MATCH = YES;
				COPY_PHASE_STRIP = NO;
				DEBUG_INFORMATION_FORMAT = dwarf;
				ENABLE_STRICT_OBJC_MSGSEND = YES;
				ENABLE_TESTABILITY = YES;
				GCC_C_LANGUAGE_STANDARD = gnu11;
				GCC_DYNAMIC_NO_PIC = NO;
				GCC_NO_COMMON_BLOCKS = YES;
				GCC_OPTIMIZATION_LEVEL = 0;
				GCC_PREPROCESSOR_DEFINITIONS = (
					"DEBUG=1",
					"$(inherited)",
				);
				GCC_WARN_64_TO_32_BIT_CONVERSION = YES;
				GCC_WARN_ABOUT_RETURN_TYPE = YES_ERROR;
				GCC_WARN_UNDECLARED_SELECTOR = YES;
				GCC_WARN_UNINITIALIZED_AUTOS = YES_AGGRESSIVE;
				GCC_WARN_UNUSED_FUNCTION = YES;
				GCC_WARN_UNUSED_VARIABLE = YES;
				IPHONEOS_DEPLOYMENT_TARGET = 14.5;
				MTL_ENABLE_DEBUG_INFO = INCLUDE_SOURCE;
				MTL_FAST_MATH = YES;
				ONLY_ACTIVE_ARCH = YES;
				SDKROOT = iphoneos;
				SWIFT_ACTIVE_COMPILATION_CONDITIONS = DEBUG;
				SWIFT_OPTIMIZATION_LEVEL = "-Onone";
			};
			name = Debug;
		};
		EC321764268315C8000BB632 /* Release */ = {
			isa = XCBuildConfiguration;
			buildSettings = {
				ALWAYS_SEARCH_USER_PATHS = NO;
				CLANG_ANALYZER_NONNULL = YES;
				CLANG_ANALYZER_NUMBER_OBJECT_CONVERSION = YES_AGGRESSIVE;
				CLANG_CXX_LANGUAGE_STANDARD = "gnu++14";
				CLANG_CXX_LIBRARY = "libc++";
				CLANG_ENABLE_MODULES = YES;
				CLANG_ENABLE_OBJC_ARC = YES;
				CLANG_ENABLE_OBJC_WEAK = YES;
				CLANG_WARN_BLOCK_CAPTURE_AUTORELEASING = YES;
				CLANG_WARN_BOOL_CONVERSION = YES;
				CLANG_WARN_COMMA = YES;
				CLANG_WARN_CONSTANT_CONVERSION = YES;
				CLANG_WARN_DEPRECATED_OBJC_IMPLEMENTATIONS = YES;
				CLANG_WARN_DIRECT_OBJC_ISA_USAGE = YES_ERROR;
				CLANG_WARN_DOCUMENTATION_COMMENTS = YES;
				CLANG_WARN_EMPTY_BODY = YES;
				CLANG_WARN_ENUM_CONVERSION = YES;
				CLANG_WARN_INFINITE_RECURSION = YES;
				CLANG_WARN_INT_CONVERSION = YES;
				CLANG_WARN_NON_LITERAL_NULL_CONVERSION = YES;
				CLANG_WARN_OBJC_IMPLICIT_RETAIN_SELF = YES;
				CLANG_WARN_OBJC_LITERAL_CONVERSION = YES;
				CLANG_WARN_OBJC_ROOT_CLASS = YES_ERROR;
				CLANG_WARN_QUOTED_INCLUDE_IN_FRAMEWORK_HEADER = YES;
				CLANG_WARN_RANGE_LOOP_ANALYSIS = YES;
				CLANG_WARN_STRICT_PROTOTYPES = YES;
				CLANG_WARN_SUSPICIOUS_MOVE = YES;
				CLANG_WARN_UNGUARDED_AVAILABILITY = YES_AGGRESSIVE;
				CLANG_WARN_UNREACHABLE_CODE = YES;
				CLANG_WARN__DUPLICATE_METHOD_MATCH = YES;
				COPY_PHASE_STRIP = NO;
				DEBUG_INFORMATION_FORMAT = "dwarf-with-dsym";
				ENABLE_NS_ASSERTIONS = NO;
				ENABLE_STRICT_OBJC_MSGSEND = YES;
				GCC_C_LANGUAGE_STANDARD = gnu11;
				GCC_NO_COMMON_BLOCKS = YES;
				GCC_WARN_64_TO_32_BIT_CONVERSION = YES;
				GCC_WARN_ABOUT_RETURN_TYPE = YES_ERROR;
				GCC_WARN_UNDECLARED_SELECTOR = YES;
				GCC_WARN_UNINITIALIZED_AUTOS = YES_AGGRESSIVE;
				GCC_WARN_UNUSED_FUNCTION = YES;
				GCC_WARN_UNUSED_VARIABLE = YES;
				IPHONEOS_DEPLOYMENT_TARGET = 14.5;
				MTL_ENABLE_DEBUG_INFO = NO;
				MTL_FAST_MATH = YES;
				SDKROOT = iphoneos;
				SWIFT_COMPILATION_MODE = wholemodule;
				SWIFT_OPTIMIZATION_LEVEL = "-O";
				VALIDATE_PRODUCT = YES;
			};
			name = Release;
		};
		EC321766268315C8000BB632 /* Debug */ = {
			isa = XCBuildConfiguration;
			baseConfigurationReference = 6A62926FF41D3C01443AEF8B /* Pods-ChatMobile.debug.xcconfig */;
			buildSettings = {
				ASSETCATALOG_COMPILER_APPICON_NAME = AppIcon;
				ASSETCATALOG_COMPILER_GLOBAL_ACCENT_COLOR_NAME = AccentColor;
				CODE_SIGN_STYLE = Automatic;
				DEVELOPMENT_TEAM = 8TX4TYJBR3;
				INFOPLIST_FILE = ChatMobile/Info.plist;
				LD_RUNPATH_SEARCH_PATHS = (
					"$(inherited)",
					"@executable_path/Frameworks",
				);
				PRODUCT_BUNDLE_IDENTIFIER = com.app.Amir.ChatMobile;
				PRODUCT_NAME = "$(TARGET_NAME)";
				SWIFT_VERSION = 5.0;
				TARGETED_DEVICE_FAMILY = "1,2";
			};
			name = Debug;
		};
		EC321767268315C8000BB632 /* Release */ = {
			isa = XCBuildConfiguration;
			baseConfigurationReference = BC3917CCA0C3B4DFFDDBB9DE /* Pods-ChatMobile.release.xcconfig */;
			buildSettings = {
				ASSETCATALOG_COMPILER_APPICON_NAME = AppIcon;
				ASSETCATALOG_COMPILER_GLOBAL_ACCENT_COLOR_NAME = AccentColor;
				CODE_SIGN_STYLE = Automatic;
				DEVELOPMENT_TEAM = 8TX4TYJBR3;
				INFOPLIST_FILE = ChatMobile/Info.plist;
				LD_RUNPATH_SEARCH_PATHS = (
					"$(inherited)",
					"@executable_path/Frameworks",
				);
				PRODUCT_BUNDLE_IDENTIFIER = com.app.Amir.ChatMobile;
				PRODUCT_NAME = "$(TARGET_NAME)";
				SWIFT_VERSION = 5.0;
				TARGETED_DEVICE_FAMILY = "1,2";
			};
			name = Release;
		};
/* End XCBuildConfiguration section */

/* Begin XCConfigurationList section */
		EC32174C268315C8000BB632 /* Build configuration list for PBXProject "ChatMobile" */ = {
			isa = XCConfigurationList;
			buildConfigurations = (
				EC321763268315C8000BB632 /* Debug */,
				EC321764268315C8000BB632 /* Release */,
			);
			defaultConfigurationIsVisible = 0;
			defaultConfigurationName = Release;
		};
		EC321765268315C8000BB632 /* Build configuration list for PBXNativeTarget "ChatMobile" */ = {
			isa = XCConfigurationList;
			buildConfigurations = (
				EC321766268315C8000BB632 /* Debug */,
				EC321767268315C8000BB632 /* Release */,
			);
			defaultConfigurationIsVisible = 0;
			defaultConfigurationName = Release;
		};
/* End XCConfigurationList section */
	};
	rootObject = EC321749268315C8000BB632 /* Project object */;
}
